
Microsoft Visual Studio Solution File, Format Version 12.00
# Visual Studio Version 16
VisualStudioVersion = 16.0.30711.63
MinimumVisualStudioVersion = 10.0.40219.1
Project("{FAE04EC0-301F-11D3-BF4B-00C04F79EFBC}") = "SeleniumWebDriverTests", "SeleniumWebDriverTests\SeleniumWebDriverTests.csproj", "{7A42D841-1938-457C-9045-93C263A27D3B}"
EndProject
Global
	GlobalSection(SolutionConfigurationPlatforms) = preSolution
		Debug|Any CPU = Debug|Any CPU
		Release|Any CPU = Release|Any CPU
	EndGlobalSection
	GlobalSection(ProjectConfigurationPlatforms) = postSolution
		{7A42D841-1938-457C-9045-93C263A27D3B}.Debug|Any CPU.ActiveCfg = Debug|Any CPU
		{7A42D841-1938-457C-9045-93C263A27D3B}.Debug|Any CPU.Build.0 = Debug|Any CPU
		{7A42D841-1938-457C-9045-93C263A27D3B}.Release|Any CPU.ActiveCfg = Release|Any CPU
		{7A42D841-1938-457C-9045-93C263A27D3B}.Release|Any CPU.Build.0 = Release|Any CPU
	EndGlobalSection
	GlobalSection(SolutionProperties) = preSolution
		HideSolutionNode = FALSE
	EndGlobalSection
	GlobalSection(ExtensibilityGlobals) = postSolution
		SolutionGuid = {B753D7EA-FEE0-4919-8B84-19BEC52C3937}
	EndGlobalSection
EndGlobal
